
Microsoft Visual Studio Solution File, Format Version 12.00
# Visual Studio Version 16
VisualStudioVersion = 16.0.31424.327
MinimumVisualStudioVersion = 10.0.40219.1
Project("{FAE04EC0-301F-11D3-BF4B-00C04F79EFBC}") = "Demo4", "Demo4.csproj", "{97C287E6-3D46-4888-9434-BB9430674FFE}"
EndProject
Global
	GlobalSection(SolutionConfigurationPlatforms) = preSolution
		Debug|Any CPU = Debug|Any CPU
		Release|Any CPU = Release|Any CPU
	EndGlobalSection
	GlobalSection(ProjectConfigurationPlatforms) = postSolution
		{97C287E6-3D46-4888-9434-BB9430674FFE}.Debug|Any CPU.ActiveCfg = Debug|Any CPU
		{97C287E6-3D46-4888-9434-BB9430674FFE}.Debug|Any CPU.Build.0 = Debug|Any CPU
		{97C287E6-3D46-4888-9434-BB9430674FFE}.Release|Any CPU.ActiveCfg = Release|Any CPU
		{97C287E6-3D46-4888-9434-BB9430674FFE}.Release|Any CPU.Build.0 = Release|Any CPU
	EndGlobalSection
	GlobalSection(SolutionProperties) = preSolution
		HideSolutionNode = FALSE
	EndGlobalSection
	GlobalSection(ExtensibilityGlobals) = postSolution
		SolutionGuid = {60D3C691-31FE-4591-BB9D-66ED59C66255}
	EndGlobalSection
EndGlobal
